{
  "version": 4,
  "terraform_version": "1.12.1",
  "serial": 6,
  "lineage": "525c68ce-d825-c80e-bb83-b9d36c19de19",
  "outputs": {},
  "resources": [
    {
      "mode": "managed",
      "type": "aws_key_pair",
      "name": "deployer",
      "provider": "provider[\"registry.terraform.io/hashicorp/aws\"]",
      "instances": [
        {
          "schema_version": 1,
          "attributes": {
            "arn": "arn:aws:ec2:eu-west-2:384139471302:key-pair/devops-key",
            "fingerprint": "bd:b9:a8:bf:ec:bf:36:94:bf:74:30:4b:d8:01:41:5b",
            "id": "devops-key",
            "key_name": "devops-key",
            "key_name_prefix": "",
            "key_pair_id": "key-0f124ab0c86d3fcd3",
            "key_type": "rsa",
            "public_key": "ssh-rsa AAAAB3NzaC1yc2EAAAADAQABAAACAQCcuZ/r1vEqPhQOy80P1o6qwhNVcIigSoj4VUQP1DURehGnKrfk9iVZaD4xKEevlLvL1qJxZzOChQX8pVx5LaKSBJ+s5bkEhaepHr8R6hkgGeXBP+3O9LRJ8iPVlIzUq3/qHwD2s+YrowcKxMz0nkGEm1Pdg6KI4b2pVSzgl/fGmeEzN02Gv56+S7FVhbeen6PDctfmrzWN1KbKA97dnBRJIjU+jrZozvE3rRw+vm4OsJLYGnp/T9cIKQjIgBKlmujmkKICnqb63FuKq/p7AV4/LpF0rUYBITNA1wciksdLVq7X/nOsIX29IPgU//yiXV4ivEeXie2axZHWuZeb63vVenQ5fZJsbx3vB9+DoBkQZxgwXrHecUiakG4XodG8A+wQWxnjKh+dyvViEs0uF90AxC28RQUK2eWgRAp0xwkDPxplBlJNm2Mg+RYQoh7E0eah/qRc5edZ4EyFSljK71wCDoCaUSpoV1TsxzNG//MbNe+ZjgmLAaeB+gk5moeu3BEzMzuuUUqcpRmKoBs5j79YwRzc2Jpv5Ts3dAFcgpDWsr29uFQtV0Mm0wxqdrvzkLXpyEDFGpqkRLERazRGaa/tBV83CGRNy1q+6p2R2vKxzkYm4vmyHPw2Aax0p9YLkzsSLuYs8aC8kBK/1pPhhgesYshMcJS8dKIv8zqo3oRmkQ== sever@Imans-MacBook.local",
            "tags": {},
            "tags_all": {}
          },
          "sensitive_attributes": [],
          "identity_schema_version": 0,
          "private": "eyJzY2hlbWFfdmVyc2lvbiI6IjEifQ=="
        }
      ]
    },
    {
      "mode": "managed",
      "type": "aws_security_group",
      "name": "jenkins_sg",
      "provider": "provider[\"registry.terraform.io/hashicorp/aws\"]",
      "instances": [
        {
          "schema_version": 1,
          "attributes": {
            "arn": "arn:aws:ec2:eu-west-2:384139471302:security-group/sg-076a3c89b092190f1",
            "description": "Allow SSH and Jenkins Web UI",
            "egress": [
              {
                "cidr_blocks": [
                  "0.0.0.0/0"
                ],
                "description": "",
                "from_port": 0,
                "ipv6_cidr_blocks": [],
                "prefix_list_ids": [],
                "protocol": "-1",
                "security_groups": [],
                "self": false,
                "to_port": 0
              }
            ],
            "id": "sg-076a3c89b092190f1",
            "ingress": [
              {
                "cidr_blocks": [
                  "0.0.0.0/0"
                ],
                "description": "Jenkins UI",
                "from_port": 8080,
                "ipv6_cidr_blocks": [],
                "prefix_list_ids": [],
                "protocol": "tcp",
                "security_groups": [],
                "self": false,
                "to_port": 8080
              },
              {
                "cidr_blocks": [
                  "0.0.0.0/0"
                ],
                "description": "SSH",
                "from_port": 22,
                "ipv6_cidr_blocks": [],
                "prefix_list_ids": [],
                "protocol": "tcp",
                "security_groups": [],
                "self": false,
                "to_port": 22
              }
            ],
            "name": "jenkins-sg",
            "name_prefix": "",
            "owner_id": "384139471302",
            "revoke_rules_on_delete": false,
            "tags": {},
            "tags_all": {},
            "timeouts": null,
            "vpc_id": "vpc-0e271956ecd98715d"
          },
          "sensitive_attributes": [],
          "identity_schema_version": 0,
          "private": "eyJlMmJmYjczMC1lY2FhLTExZTYtOGY4OC0zNDM2M2JjN2M0YzAiOnsiY3JlYXRlIjo2MDAwMDAwMDAwMDAsImRlbGV0ZSI6OTAwMDAwMDAwMDAwfSwic2NoZW1hX3ZlcnNpb24iOiIxIn0="
        }
      ]
    }
  ],
  "check_results": null
}
